# This file is automatically @generated by Cargo.
# It is not intended for manual editing.
version = 3

[[package]]
name = "code-generator"
version = "0.1.0"

[[package]]
name = "sq3-rs"
version = "0.3.2"
dependencies = [
 "sq3_derive",
 "sq3_parser",
]

[[package]]
name = "sq3_derive"
version = "0.3.2"

[[package]]
name = "sq3_parser"
version = "0.3.2"
dependencies = [
 "sq3_derive",
]

[[package]]
name = "xtask"
version = "0.1.0"
dependencies = [
 "sq3-rs",
 "sq3_derive",
 "sq3_parser",
]
